
Microsoft Visual Studio Solution File, Format Version 11.00
# Visual Studio 2010
Project("{FAE04EC0-301F-11D3-BF4B-00C04F79EFBC}") = "com.hooyes.log", "com.hooyes.log.csproj", "{3F0518CE-7A83-47BC-863F-A45CB5886152}"
EndProject
Project("{E24C65DC-7377-472B-9ABA-BC803B73C61A}") = "WebUI", "WebUI\", "{234EE745-23B6-45C0-9577-1D5F3628FFF7}"
	ProjectSection(WebsiteProperties) = preProject
		TargetFrameworkMoniker = ".NETFramework,Version%3Dv2.0"
		Debug.AspNetCompiler.VirtualPath = "/WebUI"
		Debug.AspNetCompiler.PhysicalPath = "WebUI\"
		Debug.AspNetCompiler.TargetPath = "PrecompiledWeb\WebUI\"
		Debug.AspNetCompiler.Updateable = "true"
		Debug.AspNetCompiler.ForceOverwrite = "true"
		Debug.AspNetCompiler.FixedNames = "false"
		Debug.AspNetCompiler.Debug = "True"
		Release.AspNetCompiler.VirtualPath = "/WebUI"
		Release.AspNetCompiler.PhysicalPath = "WebUI\"
		Release.AspNetCompiler.TargetPath = "PrecompiledWeb\WebUI\"
		Release.AspNetCompiler.Updateable = "true"
		Release.AspNetCompiler.ForceOverwrite = "true"
		Release.AspNetCompiler.FixedNames = "false"
		Release.AspNetCompiler.Debug = "False"
		VWDPort = "3187"
	EndProjectSection
EndProject
Project("{FAE04EC0-301F-11D3-BF4B-00C04F79EFBC}") = "com.hooyes.widget", "..\com.hooyes.widget\com.hooyes.widget.csproj", "{56D348E2-E510-4031-9168-69A3827D3547}"
EndProject
Project("{FAE04EC0-301F-11D3-BF4B-00C04F79EFBC}") = "OpenTSDK.Tencent", "..\hooyes.Web\OpenQQApi2\OpenTSDK.Tencent\OpenTSDK.Tencent.csproj", "{31AADDB4-BE12-4B89-A807-3EBFB3B5D20C}"
EndProject
Project("{FAE04EC0-301F-11D3-BF4B-00C04F79EFBC}") = "oAuthSina", "..\hooyes.Web\OpenSinaApi\oAuthSina\oAuthSina.csproj", "{407C3459-3EE2-4D28-BB68-0EFD84774040}"
EndProject
Global
	GlobalSection(SolutionConfigurationPlatforms) = preSolution
		Debug|.NET = Debug|.NET
		Debug|Any CPU = Debug|Any CPU
		Debug|Mixed Platforms = Debug|Mixed Platforms
		Release|.NET = Release|.NET
		Release|Any CPU = Release|Any CPU
		Release|Mixed Platforms = Release|Mixed Platforms
	EndGlobalSection
	GlobalSection(ProjectConfigurationPlatforms) = postSolution
		{3F0518CE-7A83-47BC-863F-A45CB5886152}.Debug|.NET.ActiveCfg = Debug|Any CPU
		{3F0518CE-7A83-47BC-863F-A45CB5886152}.Debug|Any CPU.ActiveCfg = Debug|Any CPU
		{3F0518CE-7A83-47BC-863F-A45CB5886152}.Debug|Any CPU.Build.0 = Debug|Any CPU
		{3F0518CE-7A83-47BC-863F-A45CB5886152}.Debug|Mixed Platforms.ActiveCfg = Debug|Any CPU
		{3F0518CE-7A83-47BC-863F-A45CB5886152}.Debug|Mixed Platforms.Build.0 = Debug|Any CPU
		{3F0518CE-7A83-47BC-863F-A45CB5886152}.Release|.NET.ActiveCfg = Release|Any CPU
		{3F0518CE-7A83-47BC-863F-A45CB5886152}.Release|Any CPU.ActiveCfg = Release|Any CPU
		{3F0518CE-7A83-47BC-863F-A45CB5886152}.Release|Any CPU.Build.0 = Release|Any CPU
		{3F0518CE-7A83-47BC-863F-A45CB5886152}.Release|Mixed Platforms.ActiveCfg = Release|Any CPU
		{3F0518CE-7A83-47BC-863F-A45CB5886152}.Release|Mixed Platforms.Build.0 = Release|Any CPU
		{234EE745-23B6-45C0-9577-1D5F3628FFF7}.Debug|.NET.ActiveCfg = Debug|.NET
		{234EE745-23B6-45C0-9577-1D5F3628FFF7}.Debug|.NET.Build.0 = Debug|.NET
		{234EE745-23B6-45C0-9577-1D5F3628FFF7}.Debug|Any CPU.ActiveCfg = Debug|.NET
		{234EE745-23B6-45C0-9577-1D5F3628FFF7}.Debug|Mixed Platforms.ActiveCfg = Debug|.NET
		{234EE745-23B6-45C0-9577-1D5F3628FFF7}.Debug|Mixed Platforms.Build.0 = Debug|.NET
		{234EE745-23B6-45C0-9577-1D5F3628FFF7}.Release|.NET.ActiveCfg = Debug|.NET
		{234EE745-23B6-45C0-9577-1D5F3628FFF7}.Release|.NET.Build.0 = Debug|.NET
		{234EE745-23B6-45C0-9577-1D5F3628FFF7}.Release|Any CPU.ActiveCfg = Debug|.NET
		{234EE745-23B6-45C0-9577-1D5F3628FFF7}.Release|Mixed Platforms.ActiveCfg = Debug|.NET
		{234EE745-23B6-45C0-9577-1D5F3628FFF7}.Release|Mixed Platforms.Build.0 = Debug|.NET
		{56D348E2-E510-4031-9168-69A3827D3547}.Debug|.NET.ActiveCfg = Debug|Any CPU
		{56D348E2-E510-4031-9168-69A3827D3547}.Debug|Any CPU.ActiveCfg = Debug|Any CPU
		{56D348E2-E510-4031-9168-69A3827D3547}.Debug|Any CPU.Build.0 = Debug|Any CPU
		{56D348E2-E510-4031-9168-69A3827D3547}.Debug|Mixed Platforms.ActiveCfg = Debug|Any CPU
		{56D348E2-E510-4031-9168-69A3827D3547}.Debug|Mixed Platforms.Build.0 = Debug|Any CPU
		{56D348E2-E510-4031-9168-69A3827D3547}.Release|.NET.ActiveCfg = Release|Any CPU
		{56D348E2-E510-4031-9168-69A3827D3547}.Release|Any CPU.ActiveCfg = Release|Any CPU
		{56D348E2-E510-4031-9168-69A3827D3547}.Release|Any CPU.Build.0 = Release|Any CPU
		{56D348E2-E510-4031-9168-69A3827D3547}.Release|Mixed Platforms.ActiveCfg = Release|Any CPU
		{56D348E2-E510-4031-9168-69A3827D3547}.Release|Mixed Platforms.Build.0 = Release|Any CPU
		{31AADDB4-BE12-4B89-A807-3EBFB3B5D20C}.Debug|.NET.ActiveCfg = Debug|Any CPU
		{31AADDB4-BE12-4B89-A807-3EBFB3B5D20C}.Debug|Any CPU.ActiveCfg = Debug|Any CPU
		{31AADDB4-BE12-4B89-A807-3EBFB3B5D20C}.Debug|Any CPU.Build.0 = Debug|Any CPU
		{31AADDB4-BE12-4B89-A807-3EBFB3B5D20C}.Debug|Mixed Platforms.ActiveCfg = Debug|Any CPU
		{31AADDB4-BE12-4B89-A807-3EBFB3B5D20C}.Debug|Mixed Platforms.Build.0 = Debug|Any CPU
		{31AADDB4-BE12-4B89-A807-3EBFB3B5D20C}.Release|.NET.ActiveCfg = Release|Any CPU
		{31AADDB4-BE12-4B89-A807-3EBFB3B5D20C}.Release|Any CPU.ActiveCfg = Release|Any CPU
		{31AADDB4-BE12-4B89-A807-3EBFB3B5D20C}.Release|Any CPU.Build.0 = Release|Any CPU
		{31AADDB4-BE12-4B89-A807-3EBFB3B5D20C}.Release|Mixed Platforms.ActiveCfg = Release|Any CPU
		{31AADDB4-BE12-4B89-A807-3EBFB3B5D20C}.Release|Mixed Platforms.Build.0 = Release|Any CPU
		{407C3459-3EE2-4D28-BB68-0EFD84774040}.Debug|.NET.ActiveCfg = Debug|Any CPU
		{407C3459-3EE2-4D28-BB68-0EFD84774040}.Debug|Any CPU.ActiveCfg = Debug|Any CPU
		{407C3459-3EE2-4D28-BB68-0EFD84774040}.Debug|Any CPU.Build.0 = Debug|Any CPU
		{407C3459-3EE2-4D28-BB68-0EFD84774040}.Debug|Mixed Platforms.ActiveCfg = Debug|Any CPU
		{407C3459-3EE2-4D28-BB68-0EFD84774040}.Debug|Mixed Platforms.Build.0 = Debug|Any CPU
		{407C3459-3EE2-4D28-BB68-0EFD84774040}.Release|.NET.ActiveCfg = Release|Any CPU
		{407C3459-3EE2-4D28-BB68-0EFD84774040}.Release|Any CPU.ActiveCfg = Release|Any CPU
		{407C3459-3EE2-4D28-BB68-0EFD84774040}.Release|Any CPU.Build.0 = Release|Any CPU
		{407C3459-3EE2-4D28-BB68-0EFD84774040}.Release|Mixed Platforms.ActiveCfg = Release|Any CPU
		{407C3459-3EE2-4D28-BB68-0EFD84774040}.Release|Mixed Platforms.Build.0 = Release|Any CPU
	EndGlobalSection
	GlobalSection(SolutionProperties) = preSolution
		HideSolutionNode = FALSE
	EndGlobalSection
EndGlobal
