
Microsoft Visual Studio Solution File, Format Version 10.00
# Visual Studio 2008
Project("{E24C65DC-7377-472B-9ABA-BC803B73C61A}") = "WebUI", "WebUI\", "{9E8A23FB-A734-4A9E-A011-685F293D6BFC}"
	ProjectSection(WebsiteProperties) = preProject
		TargetFramework = "2.0"
		ProjectReferences = "{E5CAD3B8-5C9C-4757-8554-62C3EA7A8123}|com.hooyes.crc.dll;"
		Debug.AspNetCompiler.VirtualPath = "/WebUI"
		Debug.AspNetCompiler.PhysicalPath = "WebUI\"
		Debug.AspNetCompiler.TargetPath = "PrecompiledWeb\WebUI\"
		Debug.AspNetCompiler.Updateable = "true"
		Debug.AspNetCompiler.ForceOverwrite = "true"
		Debug.AspNetCompiler.FixedNames = "false"
		Debug.AspNetCompiler.Debug = "True"
		Release.AspNetCompiler.VirtualPath = "/WebUI"
		Release.AspNetCompiler.PhysicalPath = "WebUI\"
		Release.AspNetCompiler.TargetPath = "PrecompiledWeb\WebUI\"
		Release.AspNetCompiler.Updateable = "true"
		Release.AspNetCompiler.ForceOverwrite = "true"
		Release.AspNetCompiler.FixedNames = "false"
		Release.AspNetCompiler.Debug = "False"
		VWDPort = "6690"
	EndProjectSection
EndProject
Project("{FAE04EC0-301F-11D3-BF4B-00C04F79EFBC}") = "com.hooyes.crc", "com.hooyes.crc\com.hooyes.crc.csproj", "{E5CAD3B8-5C9C-4757-8554-62C3EA7A8123}"
EndProject
Global
	GlobalSection(SolutionConfigurationPlatforms) = preSolution
		Debug|.NET = Debug|.NET
		Debug|Any CPU = Debug|Any CPU
		Debug|Mixed Platforms = Debug|Mixed Platforms
		Release|.NET = Release|.NET
		Release|Any CPU = Release|Any CPU
		Release|Mixed Platforms = Release|Mixed Platforms
	EndGlobalSection
	GlobalSection(ProjectConfigurationPlatforms) = postSolution
		{9E8A23FB-A734-4A9E-A011-685F293D6BFC}.Debug|.NET.ActiveCfg = Debug|.NET
		{9E8A23FB-A734-4A9E-A011-685F293D6BFC}.Debug|.NET.Build.0 = Debug|.NET
		{9E8A23FB-A734-4A9E-A011-685F293D6BFC}.Debug|Any CPU.ActiveCfg = Debug|.NET
		{9E8A23FB-A734-4A9E-A011-685F293D6BFC}.Debug|Mixed Platforms.ActiveCfg = Debug|.NET
		{9E8A23FB-A734-4A9E-A011-685F293D6BFC}.Debug|Mixed Platforms.Build.0 = Debug|.NET
		{9E8A23FB-A734-4A9E-A011-685F293D6BFC}.Release|.NET.ActiveCfg = Debug|.NET
		{9E8A23FB-A734-4A9E-A011-685F293D6BFC}.Release|.NET.Build.0 = Debug|.NET
		{9E8A23FB-A734-4A9E-A011-685F293D6BFC}.Release|Any CPU.ActiveCfg = Debug|.NET
		{9E8A23FB-A734-4A9E-A011-685F293D6BFC}.Release|Mixed Platforms.ActiveCfg = Debug|.NET
		{9E8A23FB-A734-4A9E-A011-685F293D6BFC}.Release|Mixed Platforms.Build.0 = Debug|.NET
		{E5CAD3B8-5C9C-4757-8554-62C3EA7A8123}.Debug|.NET.ActiveCfg = Debug|Any CPU
		{E5CAD3B8-5C9C-4757-8554-62C3EA7A8123}.Debug|Any CPU.ActiveCfg = Debug|Any CPU
		{E5CAD3B8-5C9C-4757-8554-62C3EA7A8123}.Debug|Any CPU.Build.0 = Debug|Any CPU
		{E5CAD3B8-5C9C-4757-8554-62C3EA7A8123}.Debug|Mixed Platforms.ActiveCfg = Debug|Any CPU
		{E5CAD3B8-5C9C-4757-8554-62C3EA7A8123}.Debug|Mixed Platforms.Build.0 = Debug|Any CPU
		{E5CAD3B8-5C9C-4757-8554-62C3EA7A8123}.Release|.NET.ActiveCfg = Release|Any CPU
		{E5CAD3B8-5C9C-4757-8554-62C3EA7A8123}.Release|Any CPU.ActiveCfg = Release|Any CPU
		{E5CAD3B8-5C9C-4757-8554-62C3EA7A8123}.Release|Any CPU.Build.0 = Release|Any CPU
		{E5CAD3B8-5C9C-4757-8554-62C3EA7A8123}.Release|Mixed Platforms.ActiveCfg = Release|Any CPU
		{E5CAD3B8-5C9C-4757-8554-62C3EA7A8123}.Release|Mixed Platforms.Build.0 = Release|Any CPU
	EndGlobalSection
	GlobalSection(SolutionProperties) = preSolution
		HideSolutionNode = FALSE
	EndGlobalSection
EndGlobal
