
Microsoft Visual Studio Solution File, Format Version 11.00
# Visual Studio 2010
Project("{FAE04EC0-301F-11D3-BF4B-00C04F79EFBC}") = "hooyes.Web", "hooyes.Web\hooyes.Web.csproj", "{01B04B65-C391-4965-A235-2CD70F83A6BF}"
EndProject
Project("{FAE04EC0-301F-11D3-BF4B-00C04F79EFBC}") = "hooyes.Core", "hooyes.Core\hooyes.Core.csproj", "{89AA26ED-EAB5-4E4F-B804-4099CE9DABE1}"
EndProject
Project("{FAE04EC0-301F-11D3-BF4B-00C04F79EFBC}") = "hooyes.API", "hooyes.API\hooyes.API.csproj", "{ECC6BCED-07C7-44AE-9245-7D21A669AA55}"
EndProject
Project("{FAE04EC0-301F-11D3-BF4B-00C04F79EFBC}") = "hooyes.OAuth.Client", "hooyes.oAuth.Client\hooyes.OAuth.Client.csproj", "{6532E397-A57C-4313-9F87-B10EEDC0F93D}"
EndProject
Global
	GlobalSection(SolutionConfigurationPlatforms) = preSolution
		Debug|Any CPU = Debug|Any CPU
		Release|Any CPU = Release|Any CPU
	EndGlobalSection
	GlobalSection(ProjectConfigurationPlatforms) = postSolution
		{01B04B65-C391-4965-A235-2CD70F83A6BF}.Debug|Any CPU.ActiveCfg = Debug|Any CPU
		{01B04B65-C391-4965-A235-2CD70F83A6BF}.Debug|Any CPU.Build.0 = Debug|Any CPU
		{01B04B65-C391-4965-A235-2CD70F83A6BF}.Release|Any CPU.ActiveCfg = Release|Any CPU
		{01B04B65-C391-4965-A235-2CD70F83A6BF}.Release|Any CPU.Build.0 = Release|Any CPU
		{89AA26ED-EAB5-4E4F-B804-4099CE9DABE1}.Debug|Any CPU.ActiveCfg = Debug|Any CPU
		{89AA26ED-EAB5-4E4F-B804-4099CE9DABE1}.Debug|Any CPU.Build.0 = Debug|Any CPU
		{89AA26ED-EAB5-4E4F-B804-4099CE9DABE1}.Release|Any CPU.ActiveCfg = Release|Any CPU
		{89AA26ED-EAB5-4E4F-B804-4099CE9DABE1}.Release|Any CPU.Build.0 = Release|Any CPU
		{ECC6BCED-07C7-44AE-9245-7D21A669AA55}.Debug|Any CPU.ActiveCfg = Debug|Any CPU
		{ECC6BCED-07C7-44AE-9245-7D21A669AA55}.Debug|Any CPU.Build.0 = Debug|Any CPU
		{ECC6BCED-07C7-44AE-9245-7D21A669AA55}.Release|Any CPU.ActiveCfg = Release|Any CPU
		{ECC6BCED-07C7-44AE-9245-7D21A669AA55}.Release|Any CPU.Build.0 = Release|Any CPU
		{6532E397-A57C-4313-9F87-B10EEDC0F93D}.Debug|Any CPU.ActiveCfg = Debug|Any CPU
		{6532E397-A57C-4313-9F87-B10EEDC0F93D}.Debug|Any CPU.Build.0 = Debug|Any CPU
		{6532E397-A57C-4313-9F87-B10EEDC0F93D}.Release|Any CPU.ActiveCfg = Release|Any CPU
		{6532E397-A57C-4313-9F87-B10EEDC0F93D}.Release|Any CPU.Build.0 = Release|Any CPU
	EndGlobalSection
	GlobalSection(SolutionProperties) = preSolution
		HideSolutionNode = FALSE
	EndGlobalSection
EndGlobal
